
Microsoft Visual Studio Solution File, Format Version 12.00
# Visual Studio Version 16
VisualStudioVersion = 16.0.29411.108
MinimumVisualStudioVersion = 10.0.40219.1
Project("{FAE04EC0-301F-11D3-BF4B-00C04F79EFBC}") = "Calculator", "Calculator\Calculator.csproj", "{DAB52782-016B-48E0-8E20-ABE49710A8A5}"
EndProject
Global
	GlobalSection(SolutionConfigurationPlatforms) = preSolution
		Debug|Any CPU = Debug|Any CPU
		Release|Any CPU = Release|Any CPU
	EndGlobalSection
	GlobalSection(ProjectConfigurationPlatforms) = postSolution
		{DAB52782-016B-48E0-8E20-ABE49710A8A5}.Debug|Any CPU.ActiveCfg = Debug|Any CPU
		{DAB52782-016B-48E0-8E20-ABE49710A8A5}.Debug|Any CPU.Build.0 = Debug|Any CPU
		{DAB52782-016B-48E0-8E20-ABE49710A8A5}.Release|Any CPU.ActiveCfg = Release|Any CPU
		{DAB52782-016B-48E0-8E20-ABE49710A8A5}.Release|Any CPU.Build.0 = Release|Any CPU
	EndGlobalSection
	GlobalSection(SolutionProperties) = preSolution
		HideSolutionNode = FALSE
	EndGlobalSection
	GlobalSection(ExtensibilityGlobals) = postSolution
		SolutionGuid = {E1BC25DD-08DD-45D5-8285-E8EC01789D6E}
	EndGlobalSection
EndGlobal
